
Microsoft Visual Studio Solution File, Format Version 12.00
# Visual Studio 14
VisualStudioVersion = 14.0.25123.0
MinimumVisualStudioVersion = 10.0.40219.1
Project("{FAE04EC0-301F-11D3-BF4B-00C04F79EFBC}") = "FinalProjLib", "FinalProjLib\FinalProjLib.csproj", "{2E4239D1-211A-4B00-AFB0-5C48DB41D09B}"
EndProject
Project("{FAE04EC0-301F-11D3-BF4B-00C04F79EFBC}") = "FinalProject", "FinalProject\FinalProject.csproj", "{A386DFDF-A341-40D4-9404-26141F6364D1}"
EndProject
Global
	GlobalSection(SolutionConfigurationPlatforms) = preSolution
		Debug|Any CPU = Debug|Any CPU
		Release|Any CPU = Release|Any CPU
	EndGlobalSection
	GlobalSection(ProjectConfigurationPlatforms) = postSolution
		{2E4239D1-211A-4B00-AFB0-5C48DB41D09B}.Debug|Any CPU.ActiveCfg = Debug|Any CPU
		{2E4239D1-211A-4B00-AFB0-5C48DB41D09B}.Debug|Any CPU.Build.0 = Debug|Any CPU
		{2E4239D1-211A-4B00-AFB0-5C48DB41D09B}.Release|Any CPU.ActiveCfg = Release|Any CPU
		{2E4239D1-211A-4B00-AFB0-5C48DB41D09B}.Release|Any CPU.Build.0 = Release|Any CPU
		{A386DFDF-A341-40D4-9404-26141F6364D1}.Debug|Any CPU.ActiveCfg = Debug|Any CPU
		{A386DFDF-A341-40D4-9404-26141F6364D1}.Debug|Any CPU.Build.0 = Debug|Any CPU
		{A386DFDF-A341-40D4-9404-26141F6364D1}.Release|Any CPU.ActiveCfg = Release|Any CPU
		{A386DFDF-A341-40D4-9404-26141F6364D1}.Release|Any CPU.Build.0 = Release|Any CPU
	EndGlobalSection
	GlobalSection(SolutionProperties) = preSolution
		HideSolutionNode = FALSE
	EndGlobalSection
EndGlobal
